// !$*UTF8*$!
{
	archiveVersion = 1;
	classes = {
	};
	objectVersion = 46;
	objects = {

/* Begin PBXBuildFile section */
		34D1327F19F480F2001EDB51 /* CreateMealRequestViewController.m in Sources */ = {isa = PBXBuildFile; fileRef = 34D1327E19F480F2001EDB51 /* CreateMealRequestViewController.m */; };
		860ED7B319F1EDD3008D9810 /* MealRequestWithoutButtonsTableViewCell.m in Sources */ = {isa = PBXBuildFile; fileRef = 860ED7B219F1EDD3008D9810 /* MealRequestWithoutButtonsTableViewCell.m */; };
		860ED7B619F58036008D9810 /* Friend.m in Sources */ = {isa = PBXBuildFile; fileRef = 860ED7B519F58036008D9810 /* Friend.m */; };
		860ED7B919F58A97008D9810 /* AddFriendTableViewCell.m in Sources */ = {isa = PBXBuildFile; fileRef = 860ED7B819F58A97008D9810 /* AddFriendTableViewCell.m */; };
		860ED7BC19F58AA3008D9810 /* InviteFriendTableViewCell.m in Sources */ = {isa = PBXBuildFile; fileRef = 860ED7BB19F58AA3008D9810 /* InviteFriendTableViewCell.m */; };
		8621535319F5E74A004EA111 /* SearchAndAddFriendViewController.m in Sources */ = {isa = PBXBuildFile; fileRef = 8621535219F5E74A004EA111 /* SearchAndAddFriendViewController.m */; };
		866164A019F1CC8C001CF4F1 /* MealRequestWithButtonsTableViewCell.m in Sources */ = {isa = PBXBuildFile; fileRef = 8661649F19F1CC8C001CF4F1 /* MealRequestWithButtonsTableViewCell.m */; };
		86A3351119EC7E0F000DFA43 /* main.m in Sources */ = {isa = PBXBuildFile; fileRef = 86A3351019EC7E0F000DFA43 /* main.m */; };
		86A3351419EC7E0F000DFA43 /* AppDelegate.m in Sources */ = {isa = PBXBuildFile; fileRef = 86A3351319EC7E0F000DFA43 /* AppDelegate.m */; };
		86A3351A19EC7E0F000DFA43 /* Main.storyboard in Resources */ = {isa = PBXBuildFile; fileRef = 86A3351819EC7E0F000DFA43 /* Main.storyboard */; };
		86A3351C19EC7E0F000DFA43 /* Images.xcassets in Resources */ = {isa = PBXBuildFile; fileRef = 86A3351B19EC7E0F000DFA43 /* Images.xcassets */; };
		86A3351F19EC7E0F000DFA43 /* LaunchScreen.xib in Resources */ = {isa = PBXBuildFile; fileRef = 86A3351D19EC7E0F000DFA43 /* LaunchScreen.xib */; };
		86A3352B19EC7E0F000DFA43 /* YANATests.m in Sources */ = {isa = PBXBuildFile; fileRef = 86A3352A19EC7E0F000DFA43 /* YANATests.m */; };
		86A9B94E19EF815A005A7314 /* MainTabBarController.m in Sources */ = {isa = PBXBuildFile; fileRef = 86A9B94D19EF815A005A7314 /* MainTabBarController.m */; };
		86A9B95119EF81B4005A7314 /* MealRequestsNavigationController.m in Sources */ = {isa = PBXBuildFile; fileRef = 86A9B95019EF81B4005A7314 /* MealRequestsNavigationController.m */; };
		86A9B95419EF8204005A7314 /* FriendsNavigationController.m in Sources */ = {isa = PBXBuildFile; fileRef = 86A9B95319EF8204005A7314 /* FriendsNavigationController.m */; };
		86A9B95719EF8245005A7314 /* MealRequestsTableViewController.m in Sources */ = {isa = PBXBuildFile; fileRef = 86A9B95619EF8245005A7314 /* MealRequestsTableViewController.m */; };
		86A9B95A19EF827B005A7314 /* FriendsTableViewController.m in Sources */ = {isa = PBXBuildFile; fileRef = 86A9B95919EF827B005A7314 /* FriendsTableViewController.m */; };
		86A9B95E19EF96B4005A7314 /* User.m in Sources */ = {isa = PBXBuildFile; fileRef = 86A9B95D19EF96B4005A7314 /* User.m */; };
		86A9B96119EF96CA005A7314 /* MealRequest.m in Sources */ = {isa = PBXBuildFile; fileRef = 86A9B96019EF96CA005A7314 /* MealRequest.m */; };
		86A9B96619EFACE6005A7314 /* LoginViewController.m in Sources */ = {isa = PBXBuildFile; fileRef = 86A9B96419EFACE6005A7314 /* LoginViewController.m */; };
		86AC7CD519F65D0100760EC4 /* APIHelper.m in Sources */ = {isa = PBXBuildFile; fileRef = 86AC7CD419F65D0100760EC4 /* APIHelper.m */; };
		86AC7CDA19F7A9E900760EC4 /* InviteFriendsTableViewController.m in Sources */ = {isa = PBXBuildFile; fileRef = 86AC7CD919F7A9E900760EC4 /* InviteFriendsTableViewController.m */; };
/* End PBXBuildFile section */

/* Begin PBXContainerItemProxy section */
		86A3352519EC7E0F000DFA43 /* PBXContainerItemProxy */ = {
			isa = PBXContainerItemProxy;
			containerPortal = 86A3350319EC7E0F000DFA43 /* Project object */;
			proxyType = 1;
			remoteGlobalIDString = 86A3350A19EC7E0F000DFA43;
			remoteInfo = YANA;
		};
/* End PBXContainerItemProxy section */

/* Begin PBXFileReference section */
		34D1327D19F480F2001EDB51 /* CreateMealRequestViewController.h */ = {isa = PBXFileReference; fileEncoding = 4; lastKnownFileType = sourcecode.c.h; path = CreateMealRequestViewController.h; sourceTree = "<group>"; };
		34D1327E19F480F2001EDB51 /* CreateMealRequestViewController.m */ = {isa = PBXFileReference; fileEncoding = 4; lastKnownFileType = sourcecode.c.objc; path = CreateMealRequestViewController.m; sourceTree = "<group>"; };
		860ED7B119F1EDD3008D9810 /* MealRequestWithoutButtonsTableViewCell.h */ = {isa = PBXFileReference; fileEncoding = 4; lastKnownFileType = sourcecode.c.h; path = MealRequestWithoutButtonsTableViewCell.h; sourceTree = "<group>"; };
		860ED7B219F1EDD3008D9810 /* MealRequestWithoutButtonsTableViewCell.m */ = {isa = PBXFileReference; fileEncoding = 4; lastKnownFileType = sourcecode.c.objc; path = MealRequestWithoutButtonsTableViewCell.m; sourceTree = "<group>"; };
		860ED7B419F58036008D9810 /* Friend.h */ = {isa = PBXFileReference; fileEncoding = 4; lastKnownFileType = sourcecode.c.h; path = Friend.h; sourceTree = "<group>"; };
		860ED7B519F58036008D9810 /* Friend.m */ = {isa = PBXFileReference; fileEncoding = 4; lastKnownFileType = sourcecode.c.objc; path = Friend.m; sourceTree = "<group>"; };
		860ED7B719F58A97008D9810 /* AddFriendTableViewCell.h */ = {isa = PBXFileReference; fileEncoding = 4; lastKnownFileType = sourcecode.c.h; path = AddFriendTableViewCell.h; sourceTree = "<group>"; };
		860ED7B819F58A97008D9810 /* AddFriendTableViewCell.m */ = {isa = PBXFileReference; fileEncoding = 4; lastKnownFileType = sourcecode.c.objc; path = AddFriendTableViewCell.m; sourceTree = "<group>"; };
		860ED7BA19F58AA3008D9810 /* InviteFriendTableViewCell.h */ = {isa = PBXFileReference; fileEncoding = 4; lastKnownFileType = sourcecode.c.h; path = InviteFriendTableViewCell.h; sourceTree = "<group>"; };
		860ED7BB19F58AA3008D9810 /* InviteFriendTableViewCell.m */ = {isa = PBXFileReference; fileEncoding = 4; lastKnownFileType = sourcecode.c.objc; path = InviteFriendTableViewCell.m; sourceTree = "<group>"; };
		8621535119F5E74A004EA111 /* SearchAndAddFriendViewController.h */ = {isa = PBXFileReference; fileEncoding = 4; lastKnownFileType = sourcecode.c.h; path = SearchAndAddFriendViewController.h; sourceTree = "<group>"; };
		8621535219F5E74A004EA111 /* SearchAndAddFriendViewController.m */ = {isa = PBXFileReference; fileEncoding = 4; lastKnownFileType = sourcecode.c.objc; path = SearchAndAddFriendViewController.m; sourceTree = "<group>"; };
		8661649E19F1CC8C001CF4F1 /* MealRequestWithButtonsTableViewCell.h */ = {isa = PBXFileReference; fileEncoding = 4; lastKnownFileType = sourcecode.c.h; path = MealRequestWithButtonsTableViewCell.h; sourceTree = "<group>"; };
		8661649F19F1CC8C001CF4F1 /* MealRequestWithButtonsTableViewCell.m */ = {isa = PBXFileReference; fileEncoding = 4; lastKnownFileType = sourcecode.c.objc; path = MealRequestWithButtonsTableViewCell.m; sourceTree = "<group>"; };
		86A3350B19EC7E0F000DFA43 /* YANA.app */ = {isa = PBXFileReference; explicitFileType = wrapper.application; includeInIndex = 0; path = YANA.app; sourceTree = BUILT_PRODUCTS_DIR; };
		86A3350F19EC7E0F000DFA43 /* Info.plist */ = {isa = PBXFileReference; lastKnownFileType = text.plist.xml; path = Info.plist; sourceTree = "<group>"; };
		86A3351019EC7E0F000DFA43 /* main.m */ = {isa = PBXFileReference; lastKnownFileType = sourcecode.c.objc; path = main.m; sourceTree = "<group>"; };
		86A3351219EC7E0F000DFA43 /* AppDelegate.h */ = {isa = PBXFileReference; lastKnownFileType = sourcecode.c.h; path = AppDelegate.h; sourceTree = "<group>"; };
		86A3351319EC7E0F000DFA43 /* AppDelegate.m */ = {isa = PBXFileReference; lastKnownFileType = sourcecode.c.objc; path = AppDelegate.m; sourceTree = "<group>"; };
		86A3351919EC7E0F000DFA43 /* Base */ = {isa = PBXFileReference; lastKnownFileType = file.storyboard; name = Base; path = Base.lproj/Main.storyboard; sourceTree = "<group>"; };
		86A3351B19EC7E0F000DFA43 /* Images.xcassets */ = {isa = PBXFileReference; lastKnownFileType = folder.assetcatalog; path = Images.xcassets; sourceTree = "<group>"; };
		86A3351E19EC7E0F000DFA43 /* Base */ = {isa = PBXFileReference; lastKnownFileType = file.xib; name = Base; path = Base.lproj/LaunchScreen.xib; sourceTree = "<group>"; };
		86A3352419EC7E0F000DFA43 /* YANATests.xctest */ = {isa = PBXFileReference; explicitFileType = wrapper.cfbundle; includeInIndex = 0; path = YANATests.xctest; sourceTree = BUILT_PRODUCTS_DIR; };
		86A3352919EC7E0F000DFA43 /* Info.plist */ = {isa = PBXFileReference; lastKnownFileType = text.plist.xml; path = Info.plist; sourceTree = "<group>"; };
		86A3352A19EC7E0F000DFA43 /* YANATests.m */ = {isa = PBXFileReference; lastKnownFileType = sourcecode.c.objc; path = YANATests.m; sourceTree = "<group>"; };
		86A9B94C19EF815A005A7314 /* MainTabBarController.h */ = {isa = PBXFileReference; fileEncoding = 4; lastKnownFileType = sourcecode.c.h; path = MainTabBarController.h; sourceTree = "<group>"; };
		86A9B94D19EF815A005A7314 /* MainTabBarController.m */ = {isa = PBXFileReference; fileEncoding = 4; lastKnownFileType = sourcecode.c.objc; path = MainTabBarController.m; sourceTree = "<group>"; };
		86A9B94F19EF81B4005A7314 /* MealRequestsNavigationController.h */ = {isa = PBXFileReference; fileEncoding = 4; lastKnownFileType = sourcecode.c.h; path = MealRequestsNavigationController.h; sourceTree = "<group>"; };
		86A9B95019EF81B4005A7314 /* MealRequestsNavigationController.m */ = {isa = PBXFileReference; fileEncoding = 4; lastKnownFileType = sourcecode.c.objc; path = MealRequestsNavigationController.m; sourceTree = "<group>"; };
		86A9B95219EF8204005A7314 /* FriendsNavigationController.h */ = {isa = PBXFileReference; fileEncoding = 4; lastKnownFileType = sourcecode.c.h; path = FriendsNavigationController.h; sourceTree = "<group>"; };
		86A9B95319EF8204005A7314 /* FriendsNavigationController.m */ = {isa = PBXFileReference; fileEncoding = 4; lastKnownFileType = sourcecode.c.objc; path = FriendsNavigationController.m; sourceTree = "<group>"; };
		86A9B95519EF8245005A7314 /* MealRequestsTableViewController.h */ = {isa = PBXFileReference; fileEncoding = 4; lastKnownFileType = sourcecode.c.h; path = MealRequestsTableViewController.h; sourceTree = "<group>"; };
		86A9B95619EF8245005A7314 /* MealRequestsTableViewController.m */ = {isa = PBXFileReference; fileEncoding = 4; lastKnownFileType = sourcecode.c.objc; path = MealRequestsTableViewController.m; sourceTree = "<group>"; };
		86A9B95819EF827B005A7314 /* FriendsTableViewController.h */ = {isa = PBXFileReference; fileEncoding = 4; lastKnownFileType = sourcecode.c.h; path = FriendsTableViewController.h; sourceTree = "<group>"; };
		86A9B95919EF827B005A7314 /* FriendsTableViewController.m */ = {isa = PBXFileReference; fileEncoding = 4; lastKnownFileType = sourcecode.c.objc; path = FriendsTableViewController.m; sourceTree = "<group>"; };
		86A9B95C19EF96B4005A7314 /* User.h */ = {isa = PBXFileReference; fileEncoding = 4; lastKnownFileType = sourcecode.c.h; path = User.h; sourceTree = "<group>"; };
		86A9B95D19EF96B4005A7314 /* User.m */ = {isa = PBXFileReference; fileEncoding = 4; lastKnownFileType = sourcecode.c.objc; path = User.m; sourceTree = "<group>"; };
		86A9B95F19EF96CA005A7314 /* MealRequest.h */ = {isa = PBXFileReference; fileEncoding = 4; lastKnownFileType = sourcecode.c.h; path = MealRequest.h; sourceTree = "<group>"; };
		86A9B96019EF96CA005A7314 /* MealRequest.m */ = {isa = PBXFileReference; fileEncoding = 4; lastKnownFileType = sourcecode.c.objc; path = MealRequest.m; sourceTree = "<group>"; };
		86A9B96319EFACE6005A7314 /* LoginViewController.h */ = {isa = PBXFileReference; fileEncoding = 4; lastKnownFileType = sourcecode.c.h; path = LoginViewController.h; sourceTree = "<group>"; };
		86A9B96419EFACE6005A7314 /* LoginViewController.m */ = {isa = PBXFileReference; fileEncoding = 4; lastKnownFileType = sourcecode.c.objc; path = LoginViewController.m; sourceTree = "<group>"; };
		86AC7CD319F65D0100760EC4 /* APIHelper.h */ = {isa = PBXFileReference; fileEncoding = 4; lastKnownFileType = sourcecode.c.h; path = APIHelper.h; sourceTree = "<group>"; };
		86AC7CD419F65D0100760EC4 /* APIHelper.m */ = {isa = PBXFileReference; fileEncoding = 4; lastKnownFileType = sourcecode.c.objc; path = APIHelper.m; sourceTree = "<group>"; };
		86AC7CD819F7A9E900760EC4 /* InviteFriendsTableViewController.h */ = {isa = PBXFileReference; fileEncoding = 4; lastKnownFileType = sourcecode.c.h; path = InviteFriendsTableViewController.h; sourceTree = "<group>"; };
		86AC7CD919F7A9E900760EC4 /* InviteFriendsTableViewController.m */ = {isa = PBXFileReference; fileEncoding = 4; lastKnownFileType = sourcecode.c.objc; path = InviteFriendsTableViewController.m; sourceTree = "<group>"; };
/* End PBXFileReference section */

/* Begin PBXFrameworksBuildPhase section */
		86A3350819EC7E0F000DFA43 /* Frameworks */ = {
			isa = PBXFrameworksBuildPhase;
			buildActionMask = 2147483647;
			files = (
			);
			runOnlyForDeploymentPostprocessing = 0;
		};
		86A3352119EC7E0F000DFA43 /* Frameworks */ = {
			isa = PBXFrameworksBuildPhase;
			buildActionMask = 2147483647;
			files = (
			);
			runOnlyForDeploymentPostprocessing = 0;
		};
/* End PBXFrameworksBuildPhase section */

/* Begin PBXGroup section */
		860ED7BD19F5D32B008D9810 /* Main */ = {
			isa = PBXGroup;
			children = (
				86A9B94C19EF815A005A7314 /* MainTabBarController.h */,
				86A9B94D19EF815A005A7314 /* MainTabBarController.m */,
				86A9B94F19EF81B4005A7314 /* MealRequestsNavigationController.h */,
				86A9B95019EF81B4005A7314 /* MealRequestsNavigationController.m */,
				86A9B95519EF8245005A7314 /* MealRequestsTableViewController.h */,
				86A9B95619EF8245005A7314 /* MealRequestsTableViewController.m */,
				86A9B95219EF8204005A7314 /* FriendsNavigationController.h */,
				86A9B95319EF8204005A7314 /* FriendsNavigationController.m */,
				86A9B95819EF827B005A7314 /* FriendsTableViewController.h */,
				86A9B95919EF827B005A7314 /* FriendsTableViewController.m */,
				8661649E19F1CC8C001CF4F1 /* MealRequestWithButtonsTableViewCell.h */,
				8661649F19F1CC8C001CF4F1 /* MealRequestWithButtonsTableViewCell.m */,
				860ED7B119F1EDD3008D9810 /* MealRequestWithoutButtonsTableViewCell.h */,
				860ED7B219F1EDD3008D9810 /* MealRequestWithoutButtonsTableViewCell.m */,
				860ED7B719F58A97008D9810 /* AddFriendTableViewCell.h */,
				860ED7B819F58A97008D9810 /* AddFriendTableViewCell.m */,
				860ED7BA19F58AA3008D9810 /* InviteFriendTableViewCell.h */,
				860ED7BB19F58AA3008D9810 /* InviteFriendTableViewCell.m */,
			);
			name = Main;
			sourceTree = "<group>";
		};
		860ED7BE19F5D346008D9810 /* Login */ = {
			isa = PBXGroup;
			children = (
				86A9B96319EFACE6005A7314 /* LoginViewController.h */,
				86A9B96419EFACE6005A7314 /* LoginViewController.m */,
			);
			name = Login;
			sourceTree = "<group>";
		};
		86A3350219EC7E0F000DFA43 = {
			isa = PBXGroup;
			children = (
				86A3350D19EC7E0F000DFA43 /* YANA */,
				86A3352719EC7E0F000DFA43 /* YANATests */,
				86A3350C19EC7E0F000DFA43 /* Products */,
			);
			sourceTree = "<group>";
		};
		86A3350C19EC7E0F000DFA43 /* Products */ = {
			isa = PBXGroup;
			children = (
				86A3350B19EC7E0F000DFA43 /* YANA.app */,
				86A3352419EC7E0F000DFA43 /* YANATests.xctest */,
			);
			name = Products;
			sourceTree = "<group>";
		};
		86A3350D19EC7E0F000DFA43 /* YANA */ = {
			isa = PBXGroup;
			children = (
				86A3351819EC7E0F000DFA43 /* Main.storyboard */,
				86A3351D19EC7E0F000DFA43 /* LaunchScreen.xib */,
				86A3351B19EC7E0F000DFA43 /* Images.xcassets */,
				86AC7CD319F65D0100760EC4 /* APIHelper.h */,
				86AC7CD419F65D0100760EC4 /* APIHelper.m */,
				86A3350E19EC7E0F000DFA43 /* Supporting Files */,
				86A9B95B19EF969C005A7314 /* Model */,
				860ED7BE19F5D346008D9810 /* Login */,
				860ED7BD19F5D32B008D9810 /* Main */,
				86AC7CD619F65D5500760EC4 /* CreateMealRequest */,
				86AC7CD719F65D8600760EC4 /* FriendManagement */,
			);
			path = YANA;
			sourceTree = "<group>";
		};
		86A3350E19EC7E0F000DFA43 /* Supporting Files */ = {
			isa = PBXGroup;
			children = (
				86A3351219EC7E0F000DFA43 /* AppDelegate.h */,
				86A3351319EC7E0F000DFA43 /* AppDelegate.m */,
				86A3350F19EC7E0F000DFA43 /* Info.plist */,
				86A3351019EC7E0F000DFA43 /* main.m */,
			);
			name = "Supporting Files";
			sourceTree = "<group>";
		};
		86A3352719EC7E0F000DFA43 /* YANATests */ = {
			isa = PBXGroup;
			children = (
				86A3352A19EC7E0F000DFA43 /* YANATests.m */,
				86A3352819EC7E0F000DFA43 /* Supporting Files */,
			);
			path = YANATests;
			sourceTree = "<group>";
		};
		86A3352819EC7E0F000DFA43 /* Supporting Files */ = {
			isa = PBXGroup;
			children = (
				86A3352919EC7E0F000DFA43 /* Info.plist */,
			);
			name = "Supporting Files";
			sourceTree = "<group>";
		};
		86A9B95B19EF969C005A7314 /* Model */ = {
			isa = PBXGroup;
			children = (
				86A9B95C19EF96B4005A7314 /* User.h */,
				86A9B95D19EF96B4005A7314 /* User.m */,
				860ED7B419F58036008D9810 /* Friend.h */,
				860ED7B519F58036008D9810 /* Friend.m */,
				86A9B95F19EF96CA005A7314 /* MealRequest.h */,
				86A9B96019EF96CA005A7314 /* MealRequest.m */,
			);
			name = Model;
			sourceTree = "<group>";
		};
		86AC7CD619F65D5500760EC4 /* CreateMealRequest */ = {
			isa = PBXGroup;
			children = (
				34D1327D19F480F2001EDB51 /* CreateMealRequestViewController.h */,
				34D1327E19F480F2001EDB51 /* CreateMealRequestViewController.m */,
				86AC7CD819F7A9E900760EC4 /* InviteFriendsTableViewController.h */,
				86AC7CD919F7A9E900760EC4 /* InviteFriendsTableViewController.m */,
			);
			name = CreateMealRequest;
			sourceTree = "<group>";
		};
		86AC7CD719F65D8600760EC4 /* FriendManagement */ = {
			isa = PBXGroup;
			children = (
				8621535119F5E74A004EA111 /* SearchAndAddFriendViewController.h */,
				8621535219F5E74A004EA111 /* SearchAndAddFriendViewController.m */,
			);
			name = FriendManagement;
			sourceTree = "<group>";
		};
/* End PBXGroup section */

/* Begin PBXNativeTarget section */
		86A3350A19EC7E0F000DFA43 /* YANA */ = {
			isa = PBXNativeTarget;
			buildConfigurationList = 86A3352E19EC7E0F000DFA43 /* Build configuration list for PBXNativeTarget "YANA" */;
			buildPhases = (
				86A3350719EC7E0F000DFA43 /* Sources */,
				86A3350819EC7E0F000DFA43 /* Frameworks */,
				86A3350919EC7E0F000DFA43 /* Resources */,
			);
			buildRules = (
			);
			dependencies = (
			);
			name = YANA;
			productName = YANA;
			productReference = 86A3350B19EC7E0F000DFA43 /* YANA.app */;
			productType = "com.apple.product-type.application";
		};
		86A3352319EC7E0F000DFA43 /* YANATests */ = {
			isa = PBXNativeTarget;
			buildConfigurationList = 86A3353119EC7E0F000DFA43 /* Build configuration list for PBXNativeTarget "YANATests" */;
			buildPhases = (
				86A3352019EC7E0F000DFA43 /* Sources */,
				86A3352119EC7E0F000DFA43 /* Frameworks */,
				86A3352219EC7E0F000DFA43 /* Resources */,
			);
			buildRules = (
			);
			dependencies = (
				86A3352619EC7E0F000DFA43 /* PBXTargetDependency */,
			);
			name = YANATests;
			productName = YANATests;
			productReference = 86A3352419EC7E0F000DFA43 /* YANATests.xctest */;
			productType = "com.apple.product-type.bundle.unit-test";
		};
/* End PBXNativeTarget section */

/* Begin PBXProject section */
		86A3350319EC7E0F000DFA43 /* Project object */ = {
			isa = PBXProject;
			attributes = {
				LastUpgradeCheck = 0600;
				ORGANIZATIONNAME = CS169;
				TargetAttributes = {
					86A3350A19EC7E0F000DFA43 = {
						CreatedOnToolsVersion = 6.0.1;
					};
					86A3352319EC7E0F000DFA43 = {
						CreatedOnToolsVersion = 6.0.1;
						TestTargetID = 86A3350A19EC7E0F000DFA43;
					};
				};
			};
			buildConfigurationList = 86A3350619EC7E0F000DFA43 /* Build configuration list for PBXProject "YANA" */;
			compatibilityVersion = "Xcode 3.2";
			developmentRegion = English;
			hasScannedForEncodings = 0;
			knownRegions = (
				en,
				Base,
			);
			mainGroup = 86A3350219EC7E0F000DFA43;
			productRefGroup = 86A3350C19EC7E0F000DFA43 /* Products */;
			projectDirPath = "";
			projectRoot = "";
			targets = (
				86A3350A19EC7E0F000DFA43 /* YANA */,
				86A3352319EC7E0F000DFA43 /* YANATests */,
			);
		};
/* End PBXProject section */

/* Begin PBXResourcesBuildPhase section */
		86A3350919EC7E0F000DFA43 /* Resources */ = {
			isa = PBXResourcesBuildPhase;
			buildActionMask = 2147483647;
			files = (
				86A3351A19EC7E0F000DFA43 /* Main.storyboard in Resources */,
				86A3351F19EC7E0F000DFA43 /* LaunchScreen.xib in Resources */,
				86A3351C19EC7E0F000DFA43 /* Images.xcassets in Resources */,
			);
			runOnlyForDeploymentPostprocessing = 0;
		};
		86A3352219EC7E0F000DFA43 /* Resources */ = {
			isa = PBXResourcesBuildPhase;
			buildActionMask = 2147483647;
			files = (
			);
			runOnlyForDeploymentPostprocessing = 0;
		};
/* End PBXResourcesBuildPhase section */

/* Begin PBXSourcesBuildPhase section */
		86A3350719EC7E0F000DFA43 /* Sources */ = {
			isa = PBXSourcesBuildPhase;
			buildActionMask = 2147483647;
			files = (
				34D1327F19F480F2001EDB51 /* CreateMealRequestViewController.m in Sources */,
				86A9B95E19EF96B4005A7314 /* User.m in Sources */,
				860ED7B619F58036008D9810 /* Friend.m in Sources */,
				86A9B95119EF81B4005A7314 /* MealRequestsNavigationController.m in Sources */,
				860ED7BC19F58AA3008D9810 /* InviteFriendTableViewCell.m in Sources */,
				86A3351419EC7E0F000DFA43 /* AppDelegate.m in Sources */,
				8621535319F5E74A004EA111 /* SearchAndAddFriendViewController.m in Sources */,
				86A9B96619EFACE6005A7314 /* LoginViewController.m in Sources */,
				86AC7CD519F65D0100760EC4 /* APIHelper.m in Sources */,
				866164A019F1CC8C001CF4F1 /* MealRequestWithButtonsTableViewCell.m in Sources */,
				86A9B95419EF8204005A7314 /* FriendsNavigationController.m in Sources */,
				86A3351119EC7E0F000DFA43 /* main.m in Sources */,
				86A9B95719EF8245005A7314 /* MealRequestsTableViewController.m in Sources */,
				86A9B95A19EF827B005A7314 /* FriendsTableViewController.m in Sources */,
				860ED7B319F1EDD3008D9810 /* MealRequestWithoutButtonsTableViewCell.m in Sources */,
				860ED7B919F58A97008D9810 /* AddFriendTableViewCell.m in Sources */,
				86A9B94E19EF815A005A7314 /* MainTabBarController.m in Sources */,
				86AC7CDA19F7A9E900760EC4 /* InviteFriendsTableViewController.m in Sources */,
				86A9B96119EF96CA005A7314 /* MealRequest.m in Sources */,
			);
			runOnlyForDeploymentPostprocessing = 0;
		};
		86A3352019EC7E0F000DFA43 /* Sources */ = {
			isa = PBXSourcesBuildPhase;
			buildActionMask = 2147483647;
			files = (
				86A3352B19EC7E0F000DFA43 /* YANATests.m in Sources */,
			);
			runOnlyForDeploymentPostprocessing = 0;
		};
/* End PBXSourcesBuildPhase section */

/* Begin PBXTargetDependency section */
		86A3352619EC7E0F000DFA43 /* PBXTargetDependency */ = {
			isa = PBXTargetDependency;
			target = 86A3350A19EC7E0F000DFA43 /* YANA */;
			targetProxy = 86A3352519EC7E0F000DFA43 /* PBXContainerItemProxy */;
		};
/* End PBXTargetDependency section */

/* Begin PBXVariantGroup section */
		86A3351819EC7E0F000DFA43 /* Main.storyboard */ = {
			isa = PBXVariantGroup;
			children = (
				86A3351919EC7E0F000DFA43 /* Base */,
			);
			name = Main.storyboard;
			sourceTree = "<group>";
		};
		86A3351D19EC7E0F000DFA43 /* LaunchScreen.xib */ = {
			isa = PBXVariantGroup;
			children = (
				86A3351E19EC7E0F000DFA43 /* Base */,
			);
			name = LaunchScreen.xib;
			sourceTree = "<group>";
		};
/* End PBXVariantGroup section */

/* Begin XCBuildConfiguration section */
		86A3352C19EC7E0F000DFA43 /* Debug */ = {
			isa = XCBuildConfiguration;
			buildSettings = {
				ALWAYS_SEARCH_USER_PATHS = NO;
				CLANG_CXX_LANGUAGE_STANDARD = "gnu++0x";
				CLANG_CXX_LIBRARY = "libc++";
				CLANG_ENABLE_MODULES = YES;
				CLANG_ENABLE_OBJC_ARC = YES;
				CLANG_WARN_BOOL_CONVERSION = YES;
				CLANG_WARN_CONSTANT_CONVERSION = YES;
				CLANG_WARN_DIRECT_OBJC_ISA_USAGE = YES_ERROR;
				CLANG_WARN_EMPTY_BODY = YES;
				CLANG_WARN_ENUM_CONVERSION = YES;
				CLANG_WARN_INT_CONVERSION = YES;
				CLANG_WARN_OBJC_ROOT_CLASS = YES_ERROR;
				CLANG_WARN_UNREACHABLE_CODE = YES;
				CLANG_WARN__DUPLICATE_METHOD_MATCH = YES;
				"CODE_SIGN_IDENTITY[sdk=iphoneos*]" = "iPhone Developer";
				COPY_PHASE_STRIP = NO;
				ENABLE_STRICT_OBJC_MSGSEND = YES;
				GCC_C_LANGUAGE_STANDARD = gnu99;
				GCC_DYNAMIC_NO_PIC = NO;
				GCC_OPTIMIZATION_LEVEL = 0;
				GCC_PREPROCESSOR_DEFINITIONS = (
					"DEBUG=1",
					"$(inherited)",
				);
				GCC_SYMBOLS_PRIVATE_EXTERN = NO;
				GCC_WARN_64_TO_32_BIT_CONVERSION = YES;
				GCC_WARN_ABOUT_RETURN_TYPE = YES_ERROR;
				GCC_WARN_UNDECLARED_SELECTOR = YES;
				GCC_WARN_UNINITIALIZED_AUTOS = YES_AGGRESSIVE;
				GCC_WARN_UNUSED_FUNCTION = YES;
				GCC_WARN_UNUSED_VARIABLE = YES;
				IPHONEOS_DEPLOYMENT_TARGET = 7.1;
				MTL_ENABLE_DEBUG_INFO = YES;
				ONLY_ACTIVE_ARCH = YES;
				SDKROOT = iphoneos;
			};
			name = Debug;
		};
		86A3352D19EC7E0F000DFA43 /* Release */ = {
			isa = XCBuildConfiguration;
			buildSettings = {
				ALWAYS_SEARCH_USER_PATHS = NO;
				CLANG_CXX_LANGUAGE_STANDARD = "gnu++0x";
				CLANG_CXX_LIBRARY = "libc++";
				CLANG_ENABLE_MODULES = YES;
				CLANG_ENABLE_OBJC_ARC = YES;
				CLANG_WARN_BOOL_CONVERSION = YES;
				CLANG_WARN_CONSTANT_CONVERSION = YES;
				CLANG_WARN_DIRECT_OBJC_ISA_USAGE = YES_ERROR;
				CLANG_WARN_EMPTY_BODY = YES;
				CLANG_WARN_ENUM_CONVERSION = YES;
				CLANG_WARN_INT_CONVERSION = YES;
				CLANG_WARN_OBJC_ROOT_CLASS = YES_ERROR;
				CLANG_WARN_UNREACHABLE_CODE = YES;
				CLANG_WARN__DUPLICATE_METHOD_MATCH = YES;
				"CODE_SIGN_IDENTITY[sdk=iphoneos*]" = "iPhone Developer";
				COPY_PHASE_STRIP = YES;
				ENABLE_NS_ASSERTIONS = NO;
				ENABLE_STRICT_OBJC_MSGSEND = YES;
				GCC_C_LANGUAGE_STANDARD = gnu99;
				GCC_WARN_64_TO_32_BIT_CONVERSION = YES;
				GCC_WARN_ABOUT_RETURN_TYPE = YES_ERROR;
				GCC_WARN_UNDECLARED_SELECTOR = YES;
				GCC_WARN_UNINITIALIZED_AUTOS = YES_AGGRESSIVE;
				GCC_WARN_UNUSED_FUNCTION = YES;
				GCC_WARN_UNUSED_VARIABLE = YES;
				IPHONEOS_DEPLOYMENT_TARGET = 7.1;
				MTL_ENABLE_DEBUG_INFO = NO;
				SDKROOT = iphoneos;
				VALIDATE_PRODUCT = YES;
			};
			name = Release;
		};
		86A3352F19EC7E0F000DFA43 /* Debug */ = {
			isa = XCBuildConfiguration;
			buildSettings = {
				ASSETCATALOG_COMPILER_APPICON_NAME = AppIcon;
				INFOPLIST_FILE = YANA/Info.plist;
				IPHONEOS_DEPLOYMENT_TARGET = 7.1;
				LD_RUNPATH_SEARCH_PATHS = "$(inherited) @executable_path/Frameworks";
				PRODUCT_NAME = "$(TARGET_NAME)";
			};
			name = Debug;
		};
		86A3353019EC7E0F000DFA43 /* Release */ = {
			isa = XCBuildConfiguration;
			buildSettings = {
				ASSETCATALOG_COMPILER_APPICON_NAME = AppIcon;
				INFOPLIST_FILE = YANA/Info.plist;
				IPHONEOS_DEPLOYMENT_TARGET = 7.1;
				LD_RUNPATH_SEARCH_PATHS = "$(inherited) @executable_path/Frameworks";
				PRODUCT_NAME = "$(TARGET_NAME)";
			};
			name = Release;
		};
		86A3353219EC7E0F000DFA43 /* Debug */ = {
			isa = XCBuildConfiguration;
			buildSettings = {
				BUNDLE_LOADER = "$(TEST_HOST)";
				FRAMEWORK_SEARCH_PATHS = (
					"$(SDKROOT)/Developer/Library/Frameworks",
					"$(inherited)",
				);
				GCC_PREPROCESSOR_DEFINITIONS = (
					"DEBUG=1",
					"$(inherited)",
				);
				INFOPLIST_FILE = YANATests/Info.plist;
				LD_RUNPATH_SEARCH_PATHS = "$(inherited) @executable_path/Frameworks @loader_path/Frameworks";
				PRODUCT_NAME = "$(TARGET_NAME)";
				TEST_HOST = "$(BUILT_PRODUCTS_DIR)/YANA.app/YANA";
			};
			name = Debug;
		};
		86A3353319EC7E0F000DFA43 /* Release */ = {
			isa = XCBuildConfiguration;
			buildSettings = {
				BUNDLE_LOADER = "$(TEST_HOST)";
				FRAMEWORK_SEARCH_PATHS = (
					"$(SDKROOT)/Developer/Library/Frameworks",
					"$(inherited)",
				);
				INFOPLIST_FILE = YANATests/Info.plist;
				LD_RUNPATH_SEARCH_PATHS = "$(inherited) @executable_path/Frameworks @loader_path/Frameworks";
				PRODUCT_NAME = "$(TARGET_NAME)";
				TEST_HOST = "$(BUILT_PRODUCTS_DIR)/YANA.app/YANA";
			};
			name = Release;
		};
/* End XCBuildConfiguration section */

/* Begin XCConfigurationList section */
		86A3350619EC7E0F000DFA43 /* Build configuration list for PBXProject "YANA" */ = {
			isa = XCConfigurationList;
			buildConfigurations = (
				86A3352C19EC7E0F000DFA43 /* Debug */,
				86A3352D19EC7E0F000DFA43 /* Release */,
			);
			defaultConfigurationIsVisible = 0;
			defaultConfigurationName = Release;
		};
		86A3352E19EC7E0F000DFA43 /* Build configuration list for PBXNativeTarget "YANA" */ = {
			isa = XCConfigurationList;
			buildConfigurations = (
				86A3352F19EC7E0F000DFA43 /* Debug */,
				86A3353019EC7E0F000DFA43 /* Release */,
			);
			defaultConfigurationIsVisible = 0;
			defaultConfigurationName = Release;
		};
		86A3353119EC7E0F000DFA43 /* Build configuration list for PBXNativeTarget "YANATests" */ = {
			isa = XCConfigurationList;
			buildConfigurations = (
				86A3353219EC7E0F000DFA43 /* Debug */,
				86A3353319EC7E0F000DFA43 /* Release */,
			);
			defaultConfigurationIsVisible = 0;
			defaultConfigurationName = Release;
		};
/* End XCConfigurationList section */
	};
	rootObject = 86A3350319EC7E0F000DFA43 /* Project object */;
}
